// !$*UTF8*$!
{
	archiveVersion = 1;
	classes = {
	};
	objectVersion = 51;
	objects = {

/* Begin PBXBuildFile section */
		2E8E04482453310300DE238E /* AppDelegate.swift in Sources */ = {isa = PBXBuildFile; fileRef = 2E8E04472453310300DE238E /* AppDelegate.swift */; };
		2E8E044A2453310300DE238E /* SceneDelegate.swift in Sources */ = {isa = PBXBuildFile; fileRef = 2E8E04492453310300DE238E /* SceneDelegate.swift */; };
		2E8E044C2453310300DE238E /* ContentView.swift in Sources */ = {isa = PBXBuildFile; fileRef = 2E8E044B2453310300DE238E /* ContentView.swift */; };
		2E8E044E2453310700DE238E /* Assets.xcassets in Resources */ = {isa = PBXBuildFile; fileRef = 2E8E044D2453310700DE238E /* Assets.xcassets */; };
		2E8E04512453310700DE238E /* Preview Assets.xcassets in Resources */ = {isa = PBXBuildFile; fileRef = 2E8E04502453310700DE238E /* Preview Assets.xcassets */; };
		2E8E04542453310700DE238E /* LaunchScreen.storyboard in Resources */ = {isa = PBXBuildFile; fileRef = 2E8E04522453310700DE238E /* LaunchScreen.storyboard */; };
		2E8E045D2454E31D00DE238E /* GoogleService-Info.plist in Resources */ = {isa = PBXBuildFile; fileRef = 2E8E045C2454E31D00DE238E /* GoogleService-Info.plist */; };
		2E8E04602454E4C200DE238E /* Contact.swift in Sources */ = {isa = PBXBuildFile; fileRef = 2E8E045F2454E4C200DE238E /* Contact.swift */; };
		2E8E04622454E54100DE238E /* Group.swift in Sources */ = {isa = PBXBuildFile; fileRef = 2E8E04612454E54100DE238E /* Group.swift */; };
		2E8E04642454E59400DE238E /* Item.swift in Sources */ = {isa = PBXBuildFile; fileRef = 2E8E04632454E59400DE238E /* Item.swift */; };
		5F8F7BA46BB154EAE6A11B82 /* Pods_Spend_Share.framework in Frameworks */ = {isa = PBXBuildFile; fileRef = 5C22082299B7533743405449 /* Pods_Spend_Share.framework */; };
/* End PBXBuildFile section */

/* Begin PBXFileReference section */
		066FBF358906ADE138BDDE1C /* Pods-Spend Share.release.xcconfig */ = {isa = PBXFileReference; includeInIndex = 1; lastKnownFileType = text.xcconfig; name = "Pods-Spend Share.release.xcconfig"; path = "Target Support Files/Pods-Spend Share/Pods-Spend Share.release.xcconfig"; sourceTree = "<group>"; };
		2E8E04442453310300DE238E /* Spend Share.app */ = {isa = PBXFileReference; explicitFileType = wrapper.application; includeInIndex = 0; path = "Spend Share.app"; sourceTree = BUILT_PRODUCTS_DIR; };
		2E8E04472453310300DE238E /* AppDelegate.swift */ = {isa = PBXFileReference; lastKnownFileType = sourcecode.swift; path = AppDelegate.swift; sourceTree = "<group>"; };
		2E8E04492453310300DE238E /* SceneDelegate.swift */ = {isa = PBXFileReference; lastKnownFileType = sourcecode.swift; path = SceneDelegate.swift; sourceTree = "<group>"; };
		2E8E044B2453310300DE238E /* ContentView.swift */ = {isa = PBXFileReference; lastKnownFileType = sourcecode.swift; path = ContentView.swift; sourceTree = "<group>"; };
		2E8E044D2453310700DE238E /* Assets.xcassets */ = {isa = PBXFileReference; lastKnownFileType = folder.assetcatalog; path = Assets.xcassets; sourceTree = "<group>"; };
		2E8E04502453310700DE238E /* Preview Assets.xcassets */ = {isa = PBXFileReference; lastKnownFileType = folder.assetcatalog; path = "Preview Assets.xcassets"; sourceTree = "<group>"; };
		2E8E04532453310700DE238E /* Base */ = {isa = PBXFileReference; lastKnownFileType = file.storyboard; name = Base; path = Base.lproj/LaunchScreen.storyboard; sourceTree = "<group>"; };
		2E8E04552453310700DE238E /* Info.plist */ = {isa = PBXFileReference; lastKnownFileType = text.plist.xml; path = Info.plist; sourceTree = "<group>"; };
		2E8E045C2454E31D00DE238E /* GoogleService-Info.plist */ = {isa = PBXFileReference; fileEncoding = 4; lastKnownFileType = text.plist.xml; path = "GoogleService-Info.plist"; sourceTree = "<group>"; };
		2E8E045F2454E4C200DE238E /* Contact.swift */ = {isa = PBXFileReference; lastKnownFileType = sourcecode.swift; path = Contact.swift; sourceTree = "<group>"; };
		2E8E04612454E54100DE238E /* Group.swift */ = {isa = PBXFileReference; lastKnownFileType = sourcecode.swift; path = Group.swift; sourceTree = "<group>"; };
		2E8E04632454E59400DE238E /* Item.swift */ = {isa = PBXFileReference; lastKnownFileType = sourcecode.swift; path = Item.swift; sourceTree = "<group>"; };
		5C22082299B7533743405449 /* Pods_Spend_Share.framework */ = {isa = PBXFileReference; explicitFileType = wrapper.framework; includeInIndex = 0; path = Pods_Spend_Share.framework; sourceTree = BUILT_PRODUCTS_DIR; };
		EA2C89099742880CEB34EB4C /* Pods-Spend Share.debug.xcconfig */ = {isa = PBXFileReference; includeInIndex = 1; lastKnownFileType = text.xcconfig; name = "Pods-Spend Share.debug.xcconfig"; path = "Target Support Files/Pods-Spend Share/Pods-Spend Share.debug.xcconfig"; sourceTree = "<group>"; };
/* End PBXFileReference section */

/* Begin PBXFrameworksBuildPhase section */
		2E8E04412453310300DE238E /* Frameworks */ = {
			isa = PBXFrameworksBuildPhase;
			buildActionMask = 2147483647;
			files = (
				5F8F7BA46BB154EAE6A11B82 /* Pods_Spend_Share.framework in Frameworks */,
			);
			runOnlyForDeploymentPostprocessing = 0;
		};
/* End PBXFrameworksBuildPhase section */

/* Begin PBXGroup section */
		2E8E043B2453310300DE238E = {
			isa = PBXGroup;
			children = (
				2E8E04462453310300DE238E /* Spend Share */,
				2E8E04452453310300DE238E /* Products */,
				ED901E7F9209DE1D36B0F8C9 /* Pods */,
				9BD1CCAB4485B51C354EBB93 /* Frameworks */,
			);
			sourceTree = "<group>";
		};
		2E8E04452453310300DE238E /* Products */ = {
			isa = PBXGroup;
			children = (
				2E8E04442453310300DE238E /* Spend Share.app */,
			);
			name = Products;
			sourceTree = "<group>";
		};
		2E8E04462453310300DE238E /* Spend Share */ = {
			isa = PBXGroup;
			children = (
				2E8E045E2454E4A900DE238E /* Models */,
				2E8E045B2454E2CA00DE238E /* Views */,
				2E8E04472453310300DE238E /* AppDelegate.swift */,
				2E8E04492453310300DE238E /* SceneDelegate.swift */,
				2E8E044B2453310300DE238E /* ContentView.swift */,
				2E8E044D2453310700DE238E /* Assets.xcassets */,
				2E8E04522453310700DE238E /* LaunchScreen.storyboard */,
				2E8E045C2454E31D00DE238E /* GoogleService-Info.plist */,
				2E8E04552453310700DE238E /* Info.plist */,
				2E8E044F2453310700DE238E /* Preview Content */,
			);
			path = "Spend Share";
			sourceTree = "<group>";
		};
		2E8E044F2453310700DE238E /* Preview Content */ = {
			isa = PBXGroup;
			children = (
				2E8E04502453310700DE238E /* Preview Assets.xcassets */,
			);
			path = "Preview Content";
			sourceTree = "<group>";
		};
		2E8E045B2454E2CA00DE238E /* Views */ = {
			isa = PBXGroup;
			children = (
			);
			path = Views;
			sourceTree = "<group>";
		};
		2E8E045E2454E4A900DE238E /* Models */ = {
			isa = PBXGroup;
			children = (
				2E8E045F2454E4C200DE238E /* Contact.swift */,
				2E8E04612454E54100DE238E /* Group.swift */,
				2E8E04632454E59400DE238E /* Item.swift */,
			);
			path = Models;
			sourceTree = "<group>";
		};
		9BD1CCAB4485B51C354EBB93 /* Frameworks */ = {
			isa = PBXGroup;
			children = (
				5C22082299B7533743405449 /* Pods_Spend_Share.framework */,
			);
			name = Frameworks;
			sourceTree = "<group>";
		};
		ED901E7F9209DE1D36B0F8C9 /* Pods */ = {
			isa = PBXGroup;
			children = (
				EA2C89099742880CEB34EB4C /* Pods-Spend Share.debug.xcconfig */,
				066FBF358906ADE138BDDE1C /* Pods-Spend Share.release.xcconfig */,
			);
			path = Pods;
			sourceTree = "<group>";
		};
/* End PBXGroup section */

/* Begin PBXNativeTarget section */
		2E8E04432453310300DE238E /* Spend Share */ = {
			isa = PBXNativeTarget;
			buildConfigurationList = 2E8E04582453310700DE238E /* Build configuration list for PBXNativeTarget "Spend Share" */;
			buildPhases = (
				48AABCE93CB15CA2670F4AC1 /* [CP] Check Pods Manifest.lock */,
				2E8E04402453310300DE238E /* Sources */,
				2E8E04412453310300DE238E /* Frameworks */,
				2E8E04422453310300DE238E /* Resources */,
				455387AE040BFB1C043D0659 /* [CP] Embed Pods Frameworks */,
			);
			buildRules = (
			);
			dependencies = (
			);
			name = "Spend Share";
			productName = "Spend Share";
			productReference = 2E8E04442453310300DE238E /* Spend Share.app */;
			productType = "com.apple.product-type.application";
		};
/* End PBXNativeTarget section */

/* Begin PBXProject section */
		2E8E043C2453310300DE238E /* Project object */ = {
			isa = PBXProject;
			attributes = {
				LastSwiftUpdateCheck = 1140;
				LastUpgradeCheck = 1140;
				ORGANIZATIONNAME = "Kishore Narang";
				TargetAttributes = {
					2E8E04432453310300DE238E = {
						CreatedOnToolsVersion = 11.4.1;
					};
				};
			};
			buildConfigurationList = 2E8E043F2453310300DE238E /* Build configuration list for PBXProject "Spend Share" */;
			compatibilityVersion = "Xcode 9.3";
			developmentRegion = en;
			hasScannedForEncodings = 0;
			knownRegions = (
				en,
				Base,
			);
			mainGroup = 2E8E043B2453310300DE238E;
			productRefGroup = 2E8E04452453310300DE238E /* Products */;
			projectDirPath = "";
			projectRoot = "";
			targets = (
				2E8E04432453310300DE238E /* Spend Share */,
			);
		};
/* End PBXProject section */

/* Begin PBXResourcesBuildPhase section */
		2E8E04422453310300DE238E /* Resources */ = {
			isa = PBXResourcesBuildPhase;
			buildActionMask = 2147483647;
			files = (
				2E8E04542453310700DE238E /* LaunchScreen.storyboard in Resources */,
				2E8E045D2454E31D00DE238E /* GoogleService-Info.plist in Resources */,
				2E8E04512453310700DE238E /* Preview Assets.xcassets in Resources */,
				2E8E044E2453310700DE238E /* Assets.xcassets in Resources */,
			);
			runOnlyForDeploymentPostprocessing = 0;
		};
/* End PBXResourcesBuildPhase section */

/* Begin PBXShellScriptBuildPhase section */
		455387AE040BFB1C043D0659 /* [CP] Embed Pods Frameworks */ = {
			isa = PBXShellScriptBuildPhase;
			buildActionMask = 2147483647;
			files = (
			);
			inputFileListPaths = (
				"${PODS_ROOT}/Target Support Files/Pods-Spend Share/Pods-Spend Share-frameworks-${CONFIGURATION}-input-files.xcfilelist",
			);
			name = "[CP] Embed Pods Frameworks";
			outputFileListPaths = (
				"${PODS_ROOT}/Target Support Files/Pods-Spend Share/Pods-Spend Share-frameworks-${CONFIGURATION}-output-files.xcfilelist",
			);
			runOnlyForDeploymentPostprocessing = 0;
			shellPath = /bin/sh;
			shellScript = "\"${PODS_ROOT}/Target Support Files/Pods-Spend Share/Pods-Spend Share-frameworks.sh\"\n";
			showEnvVarsInLog = 0;
		};
		48AABCE93CB15CA2670F4AC1 /* [CP] Check Pods Manifest.lock */ = {
			isa = PBXShellScriptBuildPhase;
			buildActionMask = 2147483647;
			files = (
			);
			inputFileListPaths = (
			);
			inputPaths = (
				"${PODS_PODFILE_DIR_PATH}/Podfile.lock",
				"${PODS_ROOT}/Manifest.lock",
			);
			name = "[CP] Check Pods Manifest.lock";
			outputFileListPaths = (
			);
			outputPaths = (
				"$(DERIVED_FILE_DIR)/Pods-Spend Share-checkManifestLockResult.txt",
			);
			runOnlyForDeploymentPostprocessing = 0;
			shellPath = /bin/sh;
			shellScript = "diff \"${PODS_PODFILE_DIR_PATH}/Podfile.lock\" \"${PODS_ROOT}/Manifest.lock\" > /dev/null\nif [ $? != 0 ] ; then\n    # print error to STDERR\n    echo \"error: The sandbox is not in sync with the Podfile.lock. Run 'pod install' or update your CocoaPods installation.\" >&2\n    exit 1\nfi\n# This output is used by Xcode 'outputs' to avoid re-running this script phase.\necho \"SUCCESS\" > \"${SCRIPT_OUTPUT_FILE_0}\"\n";
			showEnvVarsInLog = 0;
		};
/* End PBXShellScriptBuildPhase section */

/* Begin PBXSourcesBuildPhase section */
		2E8E04402453310300DE238E /* Sources */ = {
			isa = PBXSourcesBuildPhase;
			buildActionMask = 2147483647;
			files = (
				2E8E04602454E4C200DE238E /* Contact.swift in Sources */,
				2E8E04482453310300DE238E /* AppDelegate.swift in Sources */,
				2E8E044A2453310300DE238E /* SceneDelegate.swift in Sources */,
				2E8E04622454E54100DE238E /* Group.swift in Sources */,
				2E8E04642454E59400DE238E /* Item.swift in Sources */,
				2E8E044C2453310300DE238E /* ContentView.swift in Sources */,
			);
			runOnlyForDeploymentPostprocessing = 0;
		};
/* End PBXSourcesBuildPhase section */

/* Begin PBXVariantGroup section */
		2E8E04522453310700DE238E /* LaunchScreen.storyboard */ = {
			isa = PBXVariantGroup;
			children = (
				2E8E04532453310700DE238E /* Base */,
			);
			name = LaunchScreen.storyboard;
			sourceTree = "<group>";
		};
/* End PBXVariantGroup section */

/* Begin XCBuildConfiguration section */
		2E8E04562453310700DE238E /* Debug */ = {
			isa = XCBuildConfiguration;
			buildSettings = {
				ALWAYS_SEARCH_USER_PATHS = NO;
				CLANG_ANALYZER_NONNULL = YES;
				CLANG_ANALYZER_NUMBER_OBJECT_CONVERSION = YES_AGGRESSIVE;
				CLANG_CXX_LANGUAGE_STANDARD = "gnu++14";
				CLANG_CXX_LIBRARY = "libc++";
				CLANG_ENABLE_MODULES = YES;
				CLANG_ENABLE_OBJC_ARC = YES;
				CLANG_ENABLE_OBJC_WEAK = YES;
				CLANG_WARN_BLOCK_CAPTURE_AUTORELEASING = YES;
				CLANG_WARN_BOOL_CONVERSION = YES;
				CLANG_WARN_COMMA = YES;
				CLANG_WARN_CONSTANT_CONVERSION = YES;
				CLANG_WARN_DEPRECATED_OBJC_IMPLEMENTATIONS = YES;
				CLANG_WARN_DIRECT_OBJC_ISA_USAGE = YES_ERROR;
				CLANG_WARN_DOCUMENTATION_COMMENTS = YES;
				CLANG_WARN_EMPTY_BODY = YES;
				CLANG_WARN_ENUM_CONVERSION = YES;
				CLANG_WARN_INFINITE_RECURSION = YES;
				CLANG_WARN_INT_CONVERSION = YES;
				CLANG_WARN_NON_LITERAL_NULL_CONVERSION = YES;
				CLANG_WARN_OBJC_IMPLICIT_RETAIN_SELF = YES;
				CLANG_WARN_OBJC_LITERAL_CONVERSION = YES;
				CLANG_WARN_OBJC_ROOT_CLASS = YES_ERROR;
				CLANG_WARN_RANGE_LOOP_ANALYSIS = YES;
				CLANG_WARN_STRICT_PROTOTYPES = YES;
				CLANG_WARN_SUSPICIOUS_MOVE = YES;
				CLANG_WARN_UNGUARDED_AVAILABILITY = YES_AGGRESSIVE;
				CLANG_WARN_UNREACHABLE_CODE = YES;
				CLANG_WARN__DUPLICATE_METHOD_MATCH = YES;
				COPY_PHASE_STRIP = NO;
				DEBUG_INFORMATION_FORMAT = dwarf;
				ENABLE_STRICT_OBJC_MSGSEND = YES;
				ENABLE_TESTABILITY = YES;
				GCC_C_LANGUAGE_STANDARD = gnu11;
				GCC_DYNAMIC_NO_PIC = NO;
				GCC_NO_COMMON_BLOCKS = YES;
				GCC_OPTIMIZATION_LEVEL = 0;
				GCC_PREPROCESSOR_DEFINITIONS = (
					"DEBUG=1",
					"$(inherited)",
				);
				GCC_WARN_64_TO_32_BIT_CONVERSION = YES;
				GCC_WARN_ABOUT_RETURN_TYPE = YES_ERROR;
				GCC_WARN_UNDECLARED_SELECTOR = YES;
				GCC_WARN_UNINITIALIZED_AUTOS = YES_AGGRESSIVE;
				GCC_WARN_UNUSED_FUNCTION = YES;
				GCC_WARN_UNUSED_VARIABLE = YES;
				IPHONEOS_DEPLOYMENT_TARGET = 13.4;
				MTL_ENABLE_DEBUG_INFO = INCLUDE_SOURCE;
				MTL_FAST_MATH = YES;
				ONLY_ACTIVE_ARCH = YES;
				SDKROOT = iphoneos;
				SWIFT_ACTIVE_COMPILATION_CONDITIONS = DEBUG;
				SWIFT_OPTIMIZATION_LEVEL = "-Onone";
			};
			name = Debug;
		};
		2E8E04572453310700DE238E /* Release */ = {
			isa = XCBuildConfiguration;
			buildSettings = {
				ALWAYS_SEARCH_USER_PATHS = NO;
				CLANG_ANALYZER_NONNULL = YES;
				CLANG_ANALYZER_NUMBER_OBJECT_CONVERSION = YES_AGGRESSIVE;
				CLANG_CXX_LANGUAGE_STANDARD = "gnu++14";
				CLANG_CXX_LIBRARY = "libc++";
				CLANG_ENABLE_MODULES = YES;
				CLANG_ENABLE_OBJC_ARC = YES;
				CLANG_ENABLE_OBJC_WEAK = YES;
				CLANG_WARN_BLOCK_CAPTURE_AUTORELEASING = YES;
				CLANG_WARN_BOOL_CONVERSION = YES;
				CLANG_WARN_COMMA = YES;
				CLANG_WARN_CONSTANT_CONVERSION = YES;
				CLANG_WARN_DEPRECATED_OBJC_IMPLEMENTATIONS = YES;
				CLANG_WARN_DIRECT_OBJC_ISA_USAGE = YES_ERROR;
				CLANG_WARN_DOCUMENTATION_COMMENTS = YES;
				CLANG_WARN_EMPTY_BODY = YES;
				CLANG_WARN_ENUM_CONVERSION = YES;
				CLANG_WARN_INFINITE_RECURSION = YES;
				CLANG_WARN_INT_CONVERSION = YES;
				CLANG_WARN_NON_LITERAL_NULL_CONVERSION = YES;
				CLANG_WARN_OBJC_IMPLICIT_RETAIN_SELF = YES;
				CLANG_WARN_OBJC_LITERAL_CONVERSION = YES;
				CLANG_WARN_OBJC_ROOT_CLASS = YES_ERROR;
				CLANG_WARN_RANGE_LOOP_ANALYSIS = YES;
				CLANG_WARN_STRICT_PROTOTYPES = YES;
				CLANG_WARN_SUSPICIOUS_MOVE = YES;
				CLANG_WARN_UNGUARDED_AVAILABILITY = YES_AGGRESSIVE;
				CLANG_WARN_UNREACHABLE_CODE = YES;
				CLANG_WARN__DUPLICATE_METHOD_MATCH = YES;
				COPY_PHASE_STRIP = NO;
				DEBUG_INFORMATION_FORMAT = "dwarf-with-dsym";
				ENABLE_NS_ASSERTIONS = NO;
				ENABLE_STRICT_OBJC_MSGSEND = YES;
				GCC_C_LANGUAGE_STANDARD = gnu11;
				GCC_NO_COMMON_BLOCKS = YES;
				GCC_WARN_64_TO_32_BIT_CONVERSION = YES;
				GCC_WARN_ABOUT_RETURN_TYPE = YES_ERROR;
				GCC_WARN_UNDECLARED_SELECTOR = YES;
				GCC_WARN_UNINITIALIZED_AUTOS = YES_AGGRESSIVE;
				GCC_WARN_UNUSED_FUNCTION = YES;
				GCC_WARN_UNUSED_VARIABLE = YES;
				IPHONEOS_DEPLOYMENT_TARGET = 13.4;
				MTL_ENABLE_DEBUG_INFO = NO;
				MTL_FAST_MATH = YES;
				SDKROOT = iphoneos;
				SWIFT_COMPILATION_MODE = wholemodule;
				SWIFT_OPTIMIZATION_LEVEL = "-O";
				VALIDATE_PRODUCT = YES;
			};
			name = Release;
		};
		2E8E04592453310700DE238E /* Debug */ = {
			isa = XCBuildConfiguration;
			baseConfigurationReference = EA2C89099742880CEB34EB4C /* Pods-Spend Share.debug.xcconfig */;
			buildSettings = {
				ASSETCATALOG_COMPILER_APPICON_NAME = AppIcon;
				CODE_SIGN_STYLE = Automatic;
				DEVELOPMENT_ASSET_PATHS = "\"Spend Share/Preview Content\"";
				DEVELOPMENT_TEAM = 7786VMHBLY;
				ENABLE_PREVIEWS = YES;
				INFOPLIST_FILE = "Spend Share/Info.plist";
				LD_RUNPATH_SEARCH_PATHS = (
					"$(inherited)",
					"@executable_path/Frameworks",
				);
				PRODUCT_BUNDLE_IDENTIFIER = "com.kishorenarang.Spend-Share";
				PRODUCT_NAME = "$(TARGET_NAME)";
				SWIFT_VERSION = 5.0;
				TARGETED_DEVICE_FAMILY = "1,2";
			};
			name = Debug;
		};
		2E8E045A2453310700DE238E /* Release */ = {
			isa = XCBuildConfiguration;
			baseConfigurationReference = 066FBF358906ADE138BDDE1C /* Pods-Spend Share.release.xcconfig */;
			buildSettings = {
				ASSETCATALOG_COMPILER_APPICON_NAME = AppIcon;
				CODE_SIGN_STYLE = Automatic;
				DEVELOPMENT_ASSET_PATHS = "\"Spend Share/Preview Content\"";
				DEVELOPMENT_TEAM = 7786VMHBLY;
				ENABLE_PREVIEWS = YES;
				INFOPLIST_FILE = "Spend Share/Info.plist";
				LD_RUNPATH_SEARCH_PATHS = (
					"$(inherited)",
					"@executable_path/Frameworks",
				);
				PRODUCT_BUNDLE_IDENTIFIER = "com.kishorenarang.Spend-Share";
				PRODUCT_NAME = "$(TARGET_NAME)";
				SWIFT_VERSION = 5.0;
				TARGETED_DEVICE_FAMILY = "1,2";
			};
			name = Release;
		};
/* End XCBuildConfiguration section */

/* Begin XCConfigurationList section */
		2E8E043F2453310300DE238E /* Build configuration list for PBXProject "Spend Share" */ = {
			isa = XCConfigurationList;
			buildConfigurations = (
				2E8E04562453310700DE238E /* Debug */,
				2E8E04572453310700DE238E /* Release */,
			);
			defaultConfigurationIsVisible = 0;
			defaultConfigurationName = Release;
		};
		2E8E04582453310700DE238E /* Build configuration list for PBXNativeTarget "Spend Share" */ = {
			isa = XCConfigurationList;
			buildConfigurations = (
				2E8E04592453310700DE238E /* Debug */,
				2E8E045A2453310700DE238E /* Release */,
			);
			defaultConfigurationIsVisible = 0;
			defaultConfigurationName = Release;
		};
/* End XCConfigurationList section */
	};
	rootObject = 2E8E043C2453310300DE238E /* Project object */;
}
